dependencies:
- name: sharedlib
  repository: file://../sharedlib
  version: 0.1.0
- name: sharedlib
  repository: file://../sharedlib
  version: 0.1.0
- name: sharedlib
  repository: file://../sharedlib
  version: 0.1.0
- name: kubeops
  repository: file://../kubeops
  version: 0.1.0
digest: sha256:c22a20ed4a195b3c3dd01ee49acec2daed6502476c1cd5e16b9bbca613512d7e
generated: "2024-11-30T22:46:02.680694+07:00"
